
Microsoft Visual Studio Solution File, Format Version 11.00
# Visual Studio 2010
Project("{8BC9CEB8-8B4A-11D0-8D11-00A0C91BC942}") = "Lecture_GameObjects", "Lecture_GameObjects.vcxproj", "{12204DE3-C53F-401F-9C44-AA70146F135E}"
EndProject
Global
	GlobalSection(SolutionConfigurationPlatforms) = preSolution
		Debug|Win32 = Debug|Win32
		Release|Win32 = Release|Win32
	EndGlobalSection
	GlobalSection(ProjectConfigurationPlatforms) = postSolution
		{12204DE3-C53F-401F-9C44-AA70146F135E}.Debug|Win32.ActiveCfg = Debug|Win32
		{12204DE3-C53F-401F-9C44-AA70146F135E}.Debug|Win32.Build.0 = Debug|Win32
		{12204DE3-C53F-401F-9C44-AA70146F135E}.Release|Win32.ActiveCfg = Release|Win32
		{12204DE3-C53F-401F-9C44-AA70146F135E}.Release|Win32.Build.0 = Release|Win32
	EndGlobalSection
	GlobalSection(SolutionProperties) = preSolution
		HideSolutionNode = FALSE
	EndGlobalSection
EndGlobal
